// !$*UTF8*$!
{
	archiveVersion = 1;
	classes = {
	};
	objectVersion = 56;
	objects = {

/* Begin PBXBuildFile section */
		9E2DCF782A832AAC00A80B8F /* Constants.swift in Sources */ = {isa = PBXBuildFile; fileRef = 9E2DCF772A832AAC00A80B8F /* Constants.swift */; };
		9E2DCF7B2A832EAA00A80B8F /* NetworkManager.swift in Sources */ = {isa = PBXBuildFile; fileRef = 9E2DCF7A2A832EAA00A80B8F /* NetworkManager.swift */; };
		9E2DCF7D2A832F0E00A80B8F /* iTunesData.swift in Sources */ = {isa = PBXBuildFile; fileRef = 9E2DCF7C2A832F0E00A80B8F /* iTunesData.swift */; };
		9E623FBD2A835E3500FB5D43 /* MusicTableViewCell.swift in Sources */ = {isa = PBXBuildFile; fileRef = 9E623FBB2A835E3500FB5D43 /* MusicTableViewCell.swift */; };
		9E623FBE2A835E3500FB5D43 /* MusicTableViewCell.xib in Resources */ = {isa = PBXBuildFile; fileRef = 9E623FBC2A835E3500FB5D43 /* MusicTableViewCell.xib */; };
		9ECE0DD82A83257600FA495B /* AppDelegate.swift in Sources */ = {isa = PBXBuildFile; fileRef = 9ECE0DD72A83257600FA495B /* AppDelegate.swift */; };
		9ECE0DDA2A83257600FA495B /* SceneDelegate.swift in Sources */ = {isa = PBXBuildFile; fileRef = 9ECE0DD92A83257600FA495B /* SceneDelegate.swift */; };
		9ECE0DDC2A83257600FA495B /* ViewController.swift in Sources */ = {isa = PBXBuildFile; fileRef = 9ECE0DDB2A83257600FA495B /* ViewController.swift */; };
		9ECE0DDF2A83257600FA495B /* Main.storyboard in Resources */ = {isa = PBXBuildFile; fileRef = 9ECE0DDD2A83257600FA495B /* Main.storyboard */; };
		9ECE0DE12A83257700FA495B /* Assets.xcassets in Resources */ = {isa = PBXBuildFile; fileRef = 9ECE0DE02A83257700FA495B /* Assets.xcassets */; };
		9ECE0DE42A83257700FA495B /* LaunchScreen.storyboard in Resources */ = {isa = PBXBuildFile; fileRef = 9ECE0DE22A83257700FA495B /* LaunchScreen.storyboard */; };
/* End PBXBuildFile section */

/* Begin PBXFileReference section */
		9E2DCF772A832AAC00A80B8F /* Constants.swift */ = {isa = PBXFileReference; lastKnownFileType = sourcecode.swift; path = Constants.swift; sourceTree = "<group>"; };
		9E2DCF7A2A832EAA00A80B8F /* NetworkManager.swift */ = {isa = PBXFileReference; lastKnownFileType = sourcecode.swift; path = NetworkManager.swift; sourceTree = "<group>"; };
		9E2DCF7C2A832F0E00A80B8F /* iTunesData.swift */ = {isa = PBXFileReference; lastKnownFileType = sourcecode.swift; path = iTunesData.swift; sourceTree = "<group>"; };
		9E623FBB2A835E3500FB5D43 /* MusicTableViewCell.swift */ = {isa = PBXFileReference; lastKnownFileType = sourcecode.swift; path = MusicTableViewCell.swift; sourceTree = "<group>"; };
		9E623FBC2A835E3500FB5D43 /* MusicTableViewCell.xib */ = {isa = PBXFileReference; lastKnownFileType = file.xib; path = MusicTableViewCell.xib; sourceTree = "<group>"; };
		9ECE0DD42A83257600FA495B /* MusicCollection.app */ = {isa = PBXFileReference; explicitFileType = wrapper.application; includeInIndex = 0; path = MusicCollection.app; sourceTree = BUILT_PRODUCTS_DIR; };
		9ECE0DD72A83257600FA495B /* AppDelegate.swift */ = {isa = PBXFileReference; lastKnownFileType = sourcecode.swift; path = AppDelegate.swift; sourceTree = "<group>"; };
		9ECE0DD92A83257600FA495B /* SceneDelegate.swift */ = {isa = PBXFileReference; lastKnownFileType = sourcecode.swift; path = SceneDelegate.swift; sourceTree = "<group>"; };
		9ECE0DDB2A83257600FA495B /* ViewController.swift */ = {isa = PBXFileReference; lastKnownFileType = sourcecode.swift; path = ViewController.swift; sourceTree = "<group>"; };
		9ECE0DDE2A83257600FA495B /* Base */ = {isa = PBXFileReference; lastKnownFileType = file.storyboard; name = Base; path = Base.lproj/Main.storyboard; sourceTree = "<group>"; };
		9ECE0DE02A83257700FA495B /* Assets.xcassets */ = {isa = PBXFileReference; lastKnownFileType = folder.assetcatalog; path = Assets.xcassets; sourceTree = "<group>"; };
		9ECE0DE32A83257700FA495B /* Base */ = {isa = PBXFileReference; lastKnownFileType = file.storyboard; name = Base; path = Base.lproj/LaunchScreen.storyboard; sourceTree = "<group>"; };
		9ECE0DE52A83257700FA495B /* Info.plist */ = {isa = PBXFileReference; lastKnownFileType = text.plist.xml; path = Info.plist; sourceTree = "<group>"; };
/* End PBXFileReference section */

/* Begin PBXFrameworksBuildPhase section */
		9ECE0DD12A83257600FA495B /* Frameworks */ = {
			isa = PBXFrameworksBuildPhase;
			buildActionMask = 2147483647;
			files = (
			);
			runOnlyForDeploymentPostprocessing = 0;
		};
/* End PBXFrameworksBuildPhase section */

/* Begin PBXGroup section */
		9E2DCF722A83287900A80B8F /* Helpers */ = {
			isa = PBXGroup;
			children = (
				9E2DCF772A832AAC00A80B8F /* Constants.swift */,
			);
			path = Helpers;
			sourceTree = "<group>";
		};
		9E2DCF792A832E9A00A80B8F /* Managers */ = {
			isa = PBXGroup;
			children = (
				9E2DCF7A2A832EAA00A80B8F /* NetworkManager.swift */,
			);
			path = Managers;
			sourceTree = "<group>";
		};
		9ECE0DCB2A83257600FA495B = {
			isa = PBXGroup;
			children = (
				9ECE0DD62A83257600FA495B /* MusicCollection */,
				9ECE0DD52A83257600FA495B /* Products */,
			);
			sourceTree = "<group>";
		};
		9ECE0DD52A83257600FA495B /* Products */ = {
			isa = PBXGroup;
			children = (
				9ECE0DD42A83257600FA495B /* MusicCollection.app */,
			);
			name = Products;
			sourceTree = "<group>";
		};
		9ECE0DD62A83257600FA495B /* MusicCollection */ = {
			isa = PBXGroup;
			children = (
				9ECE0DD72A83257600FA495B /* AppDelegate.swift */,
				9ECE0DD92A83257600FA495B /* SceneDelegate.swift */,
				9ECE0DEB2A83259D00FA495B /* Views */,
				9ECE0DEC2A8325A300FA495B /* Controlllers */,
				9E2DCF792A832E9A00A80B8F /* Managers */,
				9ECE0DED2A8325B000FA495B /* Models */,
				9E2DCF722A83287900A80B8F /* Helpers */,
				9ECE0DE02A83257700FA495B /* Assets.xcassets */,
				9ECE0DE22A83257700FA495B /* LaunchScreen.storyboard */,
				9ECE0DE52A83257700FA495B /* Info.plist */,
			);
			path = MusicCollection;
			sourceTree = "<group>";
		};
		9ECE0DEB2A83259D00FA495B /* Views */ = {
			isa = PBXGroup;
			children = (
				9ECE0DDD2A83257600FA495B /* Main.storyboard */,
				9E623FBB2A835E3500FB5D43 /* MusicTableViewCell.swift */,
				9E623FBC2A835E3500FB5D43 /* MusicTableViewCell.xib */,
			);
			path = Views;
			sourceTree = "<group>";
		};
		9ECE0DEC2A8325A300FA495B /* Controlllers */ = {
			isa = PBXGroup;
			children = (
				9ECE0DDB2A83257600FA495B /* ViewController.swift */,
			);
			path = Controlllers;
			sourceTree = "<group>";
		};
		9ECE0DED2A8325B000FA495B /* Models */ = {
			isa = PBXGroup;
			children = (
				9E2DCF7C2A832F0E00A80B8F /* iTunesData.swift */,
			);
			path = Models;
			sourceTree = "<group>";
		};
/* End PBXGroup section */

/* Begin PBXNativeTarget section */
		9ECE0DD32A83257600FA495B /* MusicCollection */ = {
			isa = PBXNativeTarget;
			buildConfigurationList = 9ECE0DE82A83257700FA495B /* Build configuration list for PBXNativeTarget "MusicCollection" */;
			buildPhases = (
				9ECE0DD02A83257600FA495B /* Sources */,
				9ECE0DD12A83257600FA495B /* Frameworks */,
				9ECE0DD22A83257600FA495B /* Resources */,
			);
			buildRules = (
			);
			dependencies = (
			);
			name = MusicCollection;
			productName = MusicCollection;
			productReference = 9ECE0DD42A83257600FA495B /* MusicCollection.app */;
			productType = "com.apple.product-type.application";
		};
/* End PBXNativeTarget section */

/* Begin PBXProject section */
		9ECE0DCC2A83257600FA495B /* Project object */ = {
			isa = PBXProject;
			attributes = {
				BuildIndependentTargetsInParallel = 1;
				LastSwiftUpdateCheck = 1430;
				LastUpgradeCheck = 1430;
				TargetAttributes = {
					9ECE0DD32A83257600FA495B = {
						CreatedOnToolsVersion = 14.3.1;
					};
				};
			};
			buildConfigurationList = 9ECE0DCF2A83257600FA495B /* Build configuration list for PBXProject "MusicCollection" */;
			compatibilityVersion = "Xcode 14.0";
			developmentRegion = en;
			hasScannedForEncodings = 0;
			knownRegions = (
				en,
				Base,
			);
			mainGroup = 9ECE0DCB2A83257600FA495B;
			productRefGroup = 9ECE0DD52A83257600FA495B /* Products */;
			projectDirPath = "";
			projectRoot = "";
			targets = (
				9ECE0DD32A83257600FA495B /* MusicCollection */,
			);
		};
/* End PBXProject section */

/* Begin PBXResourcesBuildPhase section */
		9ECE0DD22A83257600FA495B /* Resources */ = {
			isa = PBXResourcesBuildPhase;
			buildActionMask = 2147483647;
			files = (
				9ECE0DE42A83257700FA495B /* LaunchScreen.storyboard in Resources */,
				9ECE0DE12A83257700FA495B /* Assets.xcassets in Resources */,
				9ECE0DDF2A83257600FA495B /* Main.storyboard in Resources */,
				9E623FBE2A835E3500FB5D43 /* MusicTableViewCell.xib in Resources */,
			);
			runOnlyForDeploymentPostprocessing = 0;
		};
/* End PBXResourcesBuildPhase section */

/* Begin PBXSourcesBuildPhase section */
		9ECE0DD02A83257600FA495B /* Sources */ = {
			isa = PBXSourcesBuildPhase;
			buildActionMask = 2147483647;
			files = (
				9ECE0DDC2A83257600FA495B /* ViewController.swift in Sources */,
				9E2DCF7D2A832F0E00A80B8F /* iTunesData.swift in Sources */,
				9ECE0DD82A83257600FA495B /* AppDelegate.swift in Sources */,
				9E2DCF7B2A832EAA00A80B8F /* NetworkManager.swift in Sources */,
				9E623FBD2A835E3500FB5D43 /* MusicTableViewCell.swift in Sources */,
				9ECE0DDA2A83257600FA495B /* SceneDelegate.swift in Sources */,
				9E2DCF782A832AAC00A80B8F /* Constants.swift in Sources */,
			);
			runOnlyForDeploymentPostprocessing = 0;
		};
/* End PBXSourcesBuildPhase section */

/* Begin PBXVariantGroup section */
		9ECE0DDD2A83257600FA495B /* Main.storyboard */ = {
			isa = PBXVariantGroup;
			children = (
				9ECE0DDE2A83257600FA495B /* Base */,
			);
			name = Main.storyboard;
			sourceTree = "<group>";
		};
		9ECE0DE22A83257700FA495B /* LaunchScreen.storyboard */ = {
			isa = PBXVariantGroup;
			children = (
				9ECE0DE32A83257700FA495B /* Base */,
			);
			name = LaunchScreen.storyboard;
			sourceTree = "<group>";
		};
/* End PBXVariantGroup section */

/* Begin XCBuildConfiguration section */
		9ECE0DE62A83257700FA495B /* Debug */ = {
			isa = XCBuildConfiguration;
			buildSettings = {
				ALWAYS_SEARCH_USER_PATHS = NO;
				CLANG_ANALYZER_NONNULL = YES;
				CLANG_ANALYZER_NUMBER_OBJECT_CONVERSION = YES_AGGRESSIVE;
				CLANG_CXX_LANGUAGE_STANDARD = "gnu++20";
				CLANG_ENABLE_MODULES = YES;
				CLANG_ENABLE_OBJC_ARC = YES;
				CLANG_ENABLE_OBJC_WEAK = YES;
				CLANG_WARN_BLOCK_CAPTURE_AUTORELEASING = YES;
				CLANG_WARN_BOOL_CONVERSION = YES;
				CLANG_WARN_COMMA = YES;
				CLANG_WARN_CONSTANT_CONVERSION = YES;
				CLANG_WARN_DEPRECATED_OBJC_IMPLEMENTATIONS = YES;
				CLANG_WARN_DIRECT_OBJC_ISA_USAGE = YES_ERROR;
				CLANG_WARN_DOCUMENTATION_COMMENTS = YES;
				CLANG_WARN_EMPTY_BODY = YES;
				CLANG_WARN_ENUM_CONVERSION = YES;
				CLANG_WARN_INFINITE_RECURSION = YES;
				CLANG_WARN_INT_CONVERSION = YES;
				CLANG_WARN_NON_LITERAL_NULL_CONVERSION = YES;
				CLANG_WARN_OBJC_IMPLICIT_RETAIN_SELF = YES;
				CLANG_WARN_OBJC_LITERAL_CONVERSION = YES;
				CLANG_WARN_OBJC_ROOT_CLASS = YES_ERROR;
				CLANG_WARN_QUOTED_INCLUDE_IN_FRAMEWORK_HEADER = YES;
				CLANG_WARN_RANGE_LOOP_ANALYSIS = YES;
				CLANG_WARN_STRICT_PROTOTYPES = YES;
				CLANG_WARN_SUSPICIOUS_MOVE = YES;
				CLANG_WARN_UNGUARDED_AVAILABILITY = YES_AGGRESSIVE;
				CLANG_WARN_UNREACHABLE_CODE = YES;
				CLANG_WARN__DUPLICATE_METHOD_MATCH = YES;
				COPY_PHASE_STRIP = NO;
				DEBUG_INFORMATION_FORMAT = dwarf;
				ENABLE_STRICT_OBJC_MSGSEND = YES;
				ENABLE_TESTABILITY = YES;
				GCC_C_LANGUAGE_STANDARD = gnu11;
				GCC_DYNAMIC_NO_PIC = NO;
				GCC_NO_COMMON_BLOCKS = YES;
				GCC_OPTIMIZATION_LEVEL = 0;
				GCC_PREPROCESSOR_DEFINITIONS = (
					"DEBUG=1",
					"$(inherited)",
				);
				GCC_WARN_64_TO_32_BIT_CONVERSION = YES;
				GCC_WARN_ABOUT_RETURN_TYPE = YES_ERROR;
				GCC_WARN_UNDECLARED_SELECTOR = YES;
				GCC_WARN_UNINITIALIZED_AUTOS = YES_AGGRESSIVE;
				GCC_WARN_UNUSED_FUNCTION = YES;
				GCC_WARN_UNUSED_VARIABLE = YES;
				IPHONEOS_DEPLOYMENT_TARGET = 16.4;
				MTL_ENABLE_DEBUG_INFO = INCLUDE_SOURCE;
				MTL_FAST_MATH = YES;
				ONLY_ACTIVE_ARCH = YES;
				SDKROOT = iphoneos;
				SWIFT_ACTIVE_COMPILATION_CONDITIONS = DEBUG;
				SWIFT_OPTIMIZATION_LEVEL = "-Onone";
			};
			name = Debug;
		};
		9ECE0DE72A83257700FA495B /* Release */ = {
			isa = XCBuildConfiguration;
			buildSettings = {
				ALWAYS_SEARCH_USER_PATHS = NO;
				CLANG_ANALYZER_NONNULL = YES;
				CLANG_ANALYZER_NUMBER_OBJECT_CONVERSION = YES_AGGRESSIVE;
				CLANG_CXX_LANGUAGE_STANDARD = "gnu++20";
				CLANG_ENABLE_MODULES = YES;
				CLANG_ENABLE_OBJC_ARC = YES;
				CLANG_ENABLE_OBJC_WEAK = YES;
				CLANG_WARN_BLOCK_CAPTURE_AUTORELEASING = YES;
				CLANG_WARN_BOOL_CONVERSION = YES;
				CLANG_WARN_COMMA = YES;
				CLANG_WARN_CONSTANT_CONVERSION = YES;
				CLANG_WARN_DEPRECATED_OBJC_IMPLEMENTATIONS = YES;
				CLANG_WARN_DIRECT_OBJC_ISA_USAGE = YES_ERROR;
				CLANG_WARN_DOCUMENTATION_COMMENTS = YES;
				CLANG_WARN_EMPTY_BODY = YES;
				CLANG_WARN_ENUM_CONVERSION = YES;
				CLANG_WARN_INFINITE_RECURSION = YES;
				CLANG_WARN_INT_CONVERSION = YES;
				CLANG_WARN_NON_LITERAL_NULL_CONVERSION = YES;
				CLANG_WARN_OBJC_IMPLICIT_RETAIN_SELF = YES;
				CLANG_WARN_OBJC_LITERAL_CONVERSION = YES;
				CLANG_WARN_OBJC_ROOT_CLASS = YES_ERROR;
				CLANG_WARN_QUOTED_INCLUDE_IN_FRAMEWORK_HEADER = YES;
				CLANG_WARN_RANGE_LOOP_ANALYSIS = YES;
				CLANG_WARN_STRICT_PROTOTYPES = YES;
				CLANG_WARN_SUSPICIOUS_MOVE = YES;
				CLANG_WARN_UNGUARDED_AVAILABILITY = YES_AGGRESSIVE;
				CLANG_WARN_UNREACHABLE_CODE = YES;
				CLANG_WARN__DUPLICATE_METHOD_MATCH = YES;
				COPY_PHASE_STRIP = NO;
				DEBUG_INFORMATION_FORMAT = "dwarf-with-dsym";
				ENABLE_NS_ASSERTIONS = NO;
				ENABLE_STRICT_OBJC_MSGSEND = YES;
				GCC_C_LANGUAGE_STANDARD = gnu11;
				GCC_NO_COMMON_BLOCKS = YES;
				GCC_WARN_64_TO_32_BIT_CONVERSION = YES;
				GCC_WARN_ABOUT_RETURN_TYPE = YES_ERROR;
				GCC_WARN_UNDECLARED_SELECTOR = YES;
				GCC_WARN_UNINITIALIZED_AUTOS = YES_AGGRESSIVE;
				GCC_WARN_UNUSED_FUNCTION = YES;
				GCC_WARN_UNUSED_VARIABLE = YES;
				IPHONEOS_DEPLOYMENT_TARGET = 16.4;
				MTL_ENABLE_DEBUG_INFO = NO;
				MTL_FAST_MATH = YES;
				SDKROOT = iphoneos;
				SWIFT_COMPILATION_MODE = wholemodule;
				SWIFT_OPTIMIZATION_LEVEL = "-O";
				VALIDATE_PRODUCT = YES;
			};
			name = Release;
		};
		9ECE0DE92A83257700FA495B /* Debug */ = {
			isa = XCBuildConfiguration;
			buildSettings = {
				ASSETCATALOG_COMPILER_APPICON_NAME = AppIcon;
				ASSETCATALOG_COMPILER_GLOBAL_ACCENT_COLOR_NAME = AccentColor;
				CODE_SIGN_STYLE = Automatic;
				CURRENT_PROJECT_VERSION = 1;
				DEVELOPMENT_TEAM = 4DQM269FVB;
				GENERATE_INFOPLIST_FILE = YES;
				INFOPLIST_FILE = MusicCollection/Info.plist;
				INFOPLIST_KEY_UIApplicationSupportsIndirectInputEvents = YES;
				INFOPLIST_KEY_UILaunchStoryboardName = LaunchScreen;
				INFOPLIST_KEY_UIMainStoryboardFile = Main;
				INFOPLIST_KEY_UISupportedInterfaceOrientations_iPad = "UIInterfaceOrientationPortrait UIInterfaceOrientationPortraitUpsideDown UIInterfaceOrientationLandscapeLeft UIInterfaceOrientationLandscapeRight";
				INFOPLIST_KEY_UISupportedInterfaceOrientations_iPhone = "UIInterfaceOrientationPortrait UIInterfaceOrientationLandscapeLeft UIInterfaceOrientationLandscapeRight";
				LD_RUNPATH_SEARCH_PATHS = (
					"$(inherited)",
					"@executable_path/Frameworks",
				);
				MARKETING_VERSION = 1.0;
				PRODUCT_BUNDLE_IDENTIFIER = "com.kunwoo-kim.uikit.MusicCollection";
				PRODUCT_NAME = "$(TARGET_NAME)";
				SWIFT_EMIT_LOC_STRINGS = YES;
				SWIFT_VERSION = 5.0;
				TARGETED_DEVICE_FAMILY = "1,2";
			};
			name = Debug;
		};
		9ECE0DEA2A83257700FA495B /* Release */ = {
			isa = XCBuildConfiguration;
			buildSettings = {
				ASSETCATALOG_COMPILER_APPICON_NAME = AppIcon;
				ASSETCATALOG_COMPILER_GLOBAL_ACCENT_COLOR_NAME = AccentColor;
				CODE_SIGN_STYLE = Automatic;
				CURRENT_PROJECT_VERSION = 1;
				DEVELOPMENT_TEAM = 4DQM269FVB;
				GENERATE_INFOPLIST_FILE = YES;
				INFOPLIST_FILE = MusicCollection/Info.plist;
				INFOPLIST_KEY_UIApplicationSupportsIndirectInputEvents = YES;
				INFOPLIST_KEY_UILaunchStoryboardName = LaunchScreen;
				INFOPLIST_KEY_UIMainStoryboardFile = Main;
				INFOPLIST_KEY_UISupportedInterfaceOrientations_iPad = "UIInterfaceOrientationPortrait UIInterfaceOrientationPortraitUpsideDown UIInterfaceOrientationLandscapeLeft UIInterfaceOrientationLandscapeRight";
				INFOPLIST_KEY_UISupportedInterfaceOrientations_iPhone = "UIInterfaceOrientationPortrait UIInterfaceOrientationLandscapeLeft UIInterfaceOrientationLandscapeRight";
				LD_RUNPATH_SEARCH_PATHS = (
					"$(inherited)",
					"@executable_path/Frameworks",
				);
				MARKETING_VERSION = 1.0;
				PRODUCT_BUNDLE_IDENTIFIER = "com.kunwoo-kim.uikit.MusicCollection";
				PRODUCT_NAME = "$(TARGET_NAME)";
				SWIFT_EMIT_LOC_STRINGS = YES;
				SWIFT_VERSION = 5.0;
				TARGETED_DEVICE_FAMILY = "1,2";
			};
			name = Release;
		};
/* End XCBuildConfiguration section */

/* Begin XCConfigurationList section */
		9ECE0DCF2A83257600FA495B /* Build configuration list for PBXProject "MusicCollection" */ = {
			isa = XCConfigurationList;
			buildConfigurations = (
				9ECE0DE62A83257700FA495B /* Debug */,
				9ECE0DE72A83257700FA495B /* Release */,
			);
			defaultConfigurationIsVisible = 0;
			defaultConfigurationName = Release;
		};
		9ECE0DE82A83257700FA495B /* Build configuration list for PBXNativeTarget "MusicCollection" */ = {
			isa = XCConfigurationList;
			buildConfigurations = (
				9ECE0DE92A83257700FA495B /* Debug */,
				9ECE0DEA2A83257700FA495B /* Release */,
			);
			defaultConfigurationIsVisible = 0;
			defaultConfigurationName = Release;
		};
/* End XCConfigurationList section */
	};
	rootObject = 9ECE0DCC2A83257600FA495B /* Project object */;
}
