// !$*UTF8*$!
{
	archiveVersion = 1;
	classes = {
	};
	objectVersion = 56;
	objects = {

/* Begin PBXBuildFile section */
		9E5AE9642AA5AE320005DE25 /* BMI.swift in Sources */ = {isa = PBXBuildFile; fileRef = 9E5AE9632AA5AE320005DE25 /* BMI.swift */; };
		9E5AE9662AA5B0500005DE25 /* BMICalculatorManager.swift in Sources */ = {isa = PBXBuildFile; fileRef = 9E5AE9652AA5B0500005DE25 /* BMICalculatorManager.swift */; };
		9E5AE9692AA5C17E0005DE25 /* BMIViewModel.swift in Sources */ = {isa = PBXBuildFile; fileRef = 9E5AE9682AA5C17E0005DE25 /* BMIViewModel.swift */; };
		9E62EE0C2A636B7B00F0B35B /* AppDelegate.swift in Sources */ = {isa = PBXBuildFile; fileRef = 9E62EE0B2A636B7B00F0B35B /* AppDelegate.swift */; };
		9E62EE0E2A636B7B00F0B35B /* SceneDelegate.swift in Sources */ = {isa = PBXBuildFile; fileRef = 9E62EE0D2A636B7B00F0B35B /* SceneDelegate.swift */; };
		9E62EE102A636B7B00F0B35B /* ViewController.swift in Sources */ = {isa = PBXBuildFile; fileRef = 9E62EE0F2A636B7B00F0B35B /* ViewController.swift */; };
		9E62EE132A636B7B00F0B35B /* Main.storyboard in Resources */ = {isa = PBXBuildFile; fileRef = 9E62EE112A636B7B00F0B35B /* Main.storyboard */; };
		9E62EE152A636B7E00F0B35B /* Assets.xcassets in Resources */ = {isa = PBXBuildFile; fileRef = 9E62EE142A636B7E00F0B35B /* Assets.xcassets */; };
		9E62EE182A636B7E00F0B35B /* LaunchScreen.storyboard in Resources */ = {isa = PBXBuildFile; fileRef = 9E62EE162A636B7E00F0B35B /* LaunchScreen.storyboard */; };
		9E62EE202A6372CF00F0B35B /* SecondViewController.swift in Sources */ = {isa = PBXBuildFile; fileRef = 9E62EE1F2A6372CF00F0B35B /* SecondViewController.swift */; };
/* End PBXBuildFile section */

/* Begin PBXFileReference section */
		9E5AE9632AA5AE320005DE25 /* BMI.swift */ = {isa = PBXFileReference; lastKnownFileType = sourcecode.swift; path = BMI.swift; sourceTree = "<group>"; };
		9E5AE9652AA5B0500005DE25 /* BMICalculatorManager.swift */ = {isa = PBXFileReference; lastKnownFileType = sourcecode.swift; path = BMICalculatorManager.swift; sourceTree = "<group>"; };
		9E5AE9682AA5C17E0005DE25 /* BMIViewModel.swift */ = {isa = PBXFileReference; lastKnownFileType = sourcecode.swift; path = BMIViewModel.swift; sourceTree = "<group>"; };
		9E62EE082A636B7B00F0B35B /* Practice4.app */ = {isa = PBXFileReference; explicitFileType = wrapper.application; includeInIndex = 0; path = Practice4.app; sourceTree = BUILT_PRODUCTS_DIR; };
		9E62EE0B2A636B7B00F0B35B /* AppDelegate.swift */ = {isa = PBXFileReference; lastKnownFileType = sourcecode.swift; path = AppDelegate.swift; sourceTree = "<group>"; };
		9E62EE0D2A636B7B00F0B35B /* SceneDelegate.swift */ = {isa = PBXFileReference; lastKnownFileType = sourcecode.swift; path = SceneDelegate.swift; sourceTree = "<group>"; };
		9E62EE0F2A636B7B00F0B35B /* ViewController.swift */ = {isa = PBXFileReference; lastKnownFileType = sourcecode.swift; path = ViewController.swift; sourceTree = "<group>"; };
		9E62EE122A636B7B00F0B35B /* Base */ = {isa = PBXFileReference; lastKnownFileType = file.storyboard; name = Base; path = Base.lproj/Main.storyboard; sourceTree = "<group>"; };
		9E62EE142A636B7E00F0B35B /* Assets.xcassets */ = {isa = PBXFileReference; lastKnownFileType = folder.assetcatalog; path = Assets.xcassets; sourceTree = "<group>"; };
		9E62EE172A636B7E00F0B35B /* Base */ = {isa = PBXFileReference; lastKnownFileType = file.storyboard; name = Base; path = Base.lproj/LaunchScreen.storyboard; sourceTree = "<group>"; };
		9E62EE192A636B7E00F0B35B /* Info.plist */ = {isa = PBXFileReference; lastKnownFileType = text.plist.xml; path = Info.plist; sourceTree = "<group>"; };
		9E62EE1F2A6372CF00F0B35B /* SecondViewController.swift */ = {isa = PBXFileReference; lastKnownFileType = sourcecode.swift; path = SecondViewController.swift; sourceTree = "<group>"; };
/* End PBXFileReference section */

/* Begin PBXFrameworksBuildPhase section */
		9E62EE052A636B7B00F0B35B /* Frameworks */ = {
			isa = PBXFrameworksBuildPhase;
			buildActionMask = 2147483647;
			files = (
			);
			runOnlyForDeploymentPostprocessing = 0;
		};
/* End PBXFrameworksBuildPhase section */

/* Begin PBXGroup section */
		9E5AE9602AA5AE0D0005DE25 /* Models */ = {
			isa = PBXGroup;
			children = (
				9E5AE9632AA5AE320005DE25 /* BMI.swift */,
				9E5AE9652AA5B0500005DE25 /* BMICalculatorManager.swift */,
			);
			path = Models;
			sourceTree = "<group>";
		};
		9E5AE9612AA5AE120005DE25 /* Views */ = {
			isa = PBXGroup;
			children = (
				9E62EE112A636B7B00F0B35B /* Main.storyboard */,
				9E62EE0F2A636B7B00F0B35B /* ViewController.swift */,
				9E62EE1F2A6372CF00F0B35B /* SecondViewController.swift */,
			);
			path = Views;
			sourceTree = "<group>";
		};
		9E5AE9672AA5B72F0005DE25 /* ViewModels */ = {
			isa = PBXGroup;
			children = (
				9E5AE9682AA5C17E0005DE25 /* BMIViewModel.swift */,
			);
			path = ViewModels;
			sourceTree = "<group>";
		};
		9E62EDFF2A636B7B00F0B35B = {
			isa = PBXGroup;
			children = (
				9E62EE0A2A636B7B00F0B35B /* Practice4 */,
				9E62EE092A636B7B00F0B35B /* Products */,
			);
			sourceTree = "<group>";
		};
		9E62EE092A636B7B00F0B35B /* Products */ = {
			isa = PBXGroup;
			children = (
				9E62EE082A636B7B00F0B35B /* Practice4.app */,
			);
			name = Products;
			sourceTree = "<group>";
		};
		9E62EE0A2A636B7B00F0B35B /* Practice4 */ = {
			isa = PBXGroup;
			children = (
				9E62EE0B2A636B7B00F0B35B /* AppDelegate.swift */,
				9E62EE0D2A636B7B00F0B35B /* SceneDelegate.swift */,
				9E5AE9612AA5AE120005DE25 /* Views */,
				9E5AE9672AA5B72F0005DE25 /* ViewModels */,
				9E5AE9602AA5AE0D0005DE25 /* Models */,
				9E62EE142A636B7E00F0B35B /* Assets.xcassets */,
				9E62EE162A636B7E00F0B35B /* LaunchScreen.storyboard */,
				9E62EE192A636B7E00F0B35B /* Info.plist */,
			);
			path = Practice4;
			sourceTree = "<group>";
		};
/* End PBXGroup section */

/* Begin PBXNativeTarget section */
		9E62EE072A636B7B00F0B35B /* Practice4 */ = {
			isa = PBXNativeTarget;
			buildConfigurationList = 9E62EE1C2A636B7E00F0B35B /* Build configuration list for PBXNativeTarget "Practice4" */;
			buildPhases = (
				9E62EE042A636B7B00F0B35B /* Sources */,
				9E62EE052A636B7B00F0B35B /* Frameworks */,
				9E62EE062A636B7B00F0B35B /* Resources */,
			);
			buildRules = (
			);
			dependencies = (
			);
			name = Practice4;
			productName = Practice4;
			productReference = 9E62EE082A636B7B00F0B35B /* Practice4.app */;
			productType = "com.apple.product-type.application";
		};
/* End PBXNativeTarget section */

/* Begin PBXProject section */
		9E62EE002A636B7B00F0B35B /* Project object */ = {
			isa = PBXProject;
			attributes = {
				BuildIndependentTargetsInParallel = 1;
				LastSwiftUpdateCheck = 1500;
				LastUpgradeCheck = 1500;
				TargetAttributes = {
					9E62EE072A636B7B00F0B35B = {
						CreatedOnToolsVersion = 15.0;
					};
				};
			};
			buildConfigurationList = 9E62EE032A636B7B00F0B35B /* Build configuration list for PBXProject "Practice4" */;
			compatibilityVersion = "Xcode 14.0";
			developmentRegion = en;
			hasScannedForEncodings = 0;
			knownRegions = (
				en,
				Base,
			);
			mainGroup = 9E62EDFF2A636B7B00F0B35B;
			productRefGroup = 9E62EE092A636B7B00F0B35B /* Products */;
			projectDirPath = "";
			projectRoot = "";
			targets = (
				9E62EE072A636B7B00F0B35B /* Practice4 */,
			);
		};
/* End PBXProject section */

/* Begin PBXResourcesBuildPhase section */
		9E62EE062A636B7B00F0B35B /* Resources */ = {
			isa = PBXResourcesBuildPhase;
			buildActionMask = 2147483647;
			files = (
				9E62EE182A636B7E00F0B35B /* LaunchScreen.storyboard in Resources */,
				9E62EE152A636B7E00F0B35B /* Assets.xcassets in Resources */,
				9E62EE132A636B7B00F0B35B /* Main.storyboard in Resources */,
			);
			runOnlyForDeploymentPostprocessing = 0;
		};
/* End PBXResourcesBuildPhase section */

/* Begin PBXSourcesBuildPhase section */
		9E62EE042A636B7B00F0B35B /* Sources */ = {
			isa = PBXSourcesBuildPhase;
			buildActionMask = 2147483647;
			files = (
				9E5AE9642AA5AE320005DE25 /* BMI.swift in Sources */,
				9E62EE102A636B7B00F0B35B /* ViewController.swift in Sources */,
				9E5AE9662AA5B0500005DE25 /* BMICalculatorManager.swift in Sources */,
				9E62EE0C2A636B7B00F0B35B /* AppDelegate.swift in Sources */,
				9E62EE0E2A636B7B00F0B35B /* SceneDelegate.swift in Sources */,
				9E5AE9692AA5C17E0005DE25 /* BMIViewModel.swift in Sources */,
				9E62EE202A6372CF00F0B35B /* SecondViewController.swift in Sources */,
			);
			runOnlyForDeploymentPostprocessing = 0;
		};
/* End PBXSourcesBuildPhase section */

/* Begin PBXVariantGroup section */
		9E62EE112A636B7B00F0B35B /* Main.storyboard */ = {
			isa = PBXVariantGroup;
			children = (
				9E62EE122A636B7B00F0B35B /* Base */,
			);
			name = Main.storyboard;
			sourceTree = "<group>";
		};
		9E62EE162A636B7E00F0B35B /* LaunchScreen.storyboard */ = {
			isa = PBXVariantGroup;
			children = (
				9E62EE172A636B7E00F0B35B /* Base */,
			);
			name = LaunchScreen.storyboard;
			sourceTree = "<group>";
		};
/* End PBXVariantGroup section */

/* Begin XCBuildConfiguration section */
		9E62EE1A2A636B7E00F0B35B /* Debug */ = {
			isa = XCBuildConfiguration;
			buildSettings = {
				ALWAYS_SEARCH_USER_PATHS = NO;
				ASSETCATALOG_COMPILER_GENERATE_SWIFT_ASSET_SYMBOL_EXTENSIONS = YES;
				CLANG_ANALYZER_NONNULL = YES;
				CLANG_ANALYZER_NUMBER_OBJECT_CONVERSION = YES_AGGRESSIVE;
				CLANG_CXX_LANGUAGE_STANDARD = "gnu++20";
				CLANG_ENABLE_MODULES = YES;
				CLANG_ENABLE_OBJC_ARC = YES;
				CLANG_ENABLE_OBJC_WEAK = YES;
				CLANG_WARN_BLOCK_CAPTURE_AUTORELEASING = YES;
				CLANG_WARN_BOOL_CONVERSION = YES;
				CLANG_WARN_COMMA = YES;
				CLANG_WARN_CONSTANT_CONVERSION = YES;
				CLANG_WARN_DEPRECATED_OBJC_IMPLEMENTATIONS = YES;
				CLANG_WARN_DIRECT_OBJC_ISA_USAGE = YES_ERROR;
				CLANG_WARN_DOCUMENTATION_COMMENTS = YES;
				CLANG_WARN_EMPTY_BODY = YES;
				CLANG_WARN_ENUM_CONVERSION = YES;
				CLANG_WARN_INFINITE_RECURSION = YES;
				CLANG_WARN_INT_CONVERSION = YES;
				CLANG_WARN_NON_LITERAL_NULL_CONVERSION = YES;
				CLANG_WARN_OBJC_IMPLICIT_RETAIN_SELF = YES;
				CLANG_WARN_OBJC_LITERAL_CONVERSION = YES;
				CLANG_WARN_OBJC_ROOT_CLASS = YES_ERROR;
				CLANG_WARN_QUOTED_INCLUDE_IN_FRAMEWORK_HEADER = YES;
				CLANG_WARN_RANGE_LOOP_ANALYSIS = YES;
				CLANG_WARN_STRICT_PROTOTYPES = YES;
				CLANG_WARN_SUSPICIOUS_MOVE = YES;
				CLANG_WARN_UNGUARDED_AVAILABILITY = YES_AGGRESSIVE;
				CLANG_WARN_UNREACHABLE_CODE = YES;
				CLANG_WARN__DUPLICATE_METHOD_MATCH = YES;
				COPY_PHASE_STRIP = NO;
				DEBUG_INFORMATION_FORMAT = dwarf;
				ENABLE_STRICT_OBJC_MSGSEND = YES;
				ENABLE_TESTABILITY = YES;
				ENABLE_USER_SCRIPT_SANDBOXING = YES;
				GCC_C_LANGUAGE_STANDARD = gnu17;
				GCC_DYNAMIC_NO_PIC = NO;
				GCC_NO_COMMON_BLOCKS = YES;
				GCC_OPTIMIZATION_LEVEL = 0;
				GCC_PREPROCESSOR_DEFINITIONS = (
					"DEBUG=1",
					"$(inherited)",
				);
				GCC_WARN_64_TO_32_BIT_CONVERSION = YES;
				GCC_WARN_ABOUT_RETURN_TYPE = YES_ERROR;
				GCC_WARN_UNDECLARED_SELECTOR = YES;
				GCC_WARN_UNINITIALIZED_AUTOS = YES_AGGRESSIVE;
				GCC_WARN_UNUSED_FUNCTION = YES;
				GCC_WARN_UNUSED_VARIABLE = YES;
				IPHONEOS_DEPLOYMENT_TARGET = 17.0;
				LOCALIZATION_PREFERS_STRING_CATALOGS = YES;
				MTL_ENABLE_DEBUG_INFO = INCLUDE_SOURCE;
				MTL_FAST_MATH = YES;
				ONLY_ACTIVE_ARCH = YES;
				SDKROOT = iphoneos;
				SWIFT_ACTIVE_COMPILATION_CONDITIONS = "DEBUG $(inherited)";
				SWIFT_OPTIMIZATION_LEVEL = "-Onone";
			};
			name = Debug;
		};
		9E62EE1B2A636B7E00F0B35B /* Release */ = {
			isa = XCBuildConfiguration;
			buildSettings = {
				ALWAYS_SEARCH_USER_PATHS = NO;
				ASSETCATALOG_COMPILER_GENERATE_SWIFT_ASSET_SYMBOL_EXTENSIONS = YES;
				CLANG_ANALYZER_NONNULL = YES;
				CLANG_ANALYZER_NUMBER_OBJECT_CONVERSION = YES_AGGRESSIVE;
				CLANG_CXX_LANGUAGE_STANDARD = "gnu++20";
				CLANG_ENABLE_MODULES = YES;
				CLANG_ENABLE_OBJC_ARC = YES;
				CLANG_ENABLE_OBJC_WEAK = YES;
				CLANG_WARN_BLOCK_CAPTURE_AUTORELEASING = YES;
				CLANG_WARN_BOOL_CONVERSION = YES;
				CLANG_WARN_COMMA = YES;
				CLANG_WARN_CONSTANT_CONVERSION = YES;
				CLANG_WARN_DEPRECATED_OBJC_IMPLEMENTATIONS = YES;
				CLANG_WARN_DIRECT_OBJC_ISA_USAGE = YES_ERROR;
				CLANG_WARN_DOCUMENTATION_COMMENTS = YES;
				CLANG_WARN_EMPTY_BODY = YES;
				CLANG_WARN_ENUM_CONVERSION = YES;
				CLANG_WARN_INFINITE_RECURSION = YES;
				CLANG_WARN_INT_CONVERSION = YES;
				CLANG_WARN_NON_LITERAL_NULL_CONVERSION = YES;
				CLANG_WARN_OBJC_IMPLICIT_RETAIN_SELF = YES;
				CLANG_WARN_OBJC_LITERAL_CONVERSION = YES;
				CLANG_WARN_OBJC_ROOT_CLASS = YES_ERROR;
				CLANG_WARN_QUOTED_INCLUDE_IN_FRAMEWORK_HEADER = YES;
				CLANG_WARN_RANGE_LOOP_ANALYSIS = YES;
				CLANG_WARN_STRICT_PROTOTYPES = YES;
				CLANG_WARN_SUSPICIOUS_MOVE = YES;
				CLANG_WARN_UNGUARDED_AVAILABILITY = YES_AGGRESSIVE;
				CLANG_WARN_UNREACHABLE_CODE = YES;
				CLANG_WARN__DUPLICATE_METHOD_MATCH = YES;
				COPY_PHASE_STRIP = NO;
				DEBUG_INFORMATION_FORMAT = "dwarf-with-dsym";
				ENABLE_NS_ASSERTIONS = NO;
				ENABLE_STRICT_OBJC_MSGSEND = YES;
				ENABLE_USER_SCRIPT_SANDBOXING = YES;
				GCC_C_LANGUAGE_STANDARD = gnu17;
				GCC_NO_COMMON_BLOCKS = YES;
				GCC_WARN_64_TO_32_BIT_CONVERSION = YES;
				GCC_WARN_ABOUT_RETURN_TYPE = YES_ERROR;
				GCC_WARN_UNDECLARED_SELECTOR = YES;
				GCC_WARN_UNINITIALIZED_AUTOS = YES_AGGRESSIVE;
				GCC_WARN_UNUSED_FUNCTION = YES;
				GCC_WARN_UNUSED_VARIABLE = YES;
				IPHONEOS_DEPLOYMENT_TARGET = 17.0;
				LOCALIZATION_PREFERS_STRING_CATALOGS = YES;
				MTL_ENABLE_DEBUG_INFO = NO;
				MTL_FAST_MATH = YES;
				SDKROOT = iphoneos;
				SWIFT_COMPILATION_MODE = wholemodule;
				VALIDATE_PRODUCT = YES;
			};
			name = Release;
		};
		9E62EE1D2A636B7E00F0B35B /* Debug */ = {
			isa = XCBuildConfiguration;
			buildSettings = {
				ASSETCATALOG_COMPILER_APPICON_NAME = AppIcon;
				ASSETCATALOG_COMPILER_GLOBAL_ACCENT_COLOR_NAME = AccentColor;
				CODE_SIGN_STYLE = Automatic;
				CURRENT_PROJECT_VERSION = 1;
				DEVELOPMENT_TEAM = 4DQM269FVB;
				GENERATE_INFOPLIST_FILE = YES;
				INFOPLIST_FILE = Practice4/Info.plist;
				INFOPLIST_KEY_UIApplicationSupportsIndirectInputEvents = YES;
				INFOPLIST_KEY_UILaunchStoryboardName = LaunchScreen;
				INFOPLIST_KEY_UIMainStoryboardFile = Main;
				INFOPLIST_KEY_UISupportedInterfaceOrientations_iPad = "UIInterfaceOrientationPortrait UIInterfaceOrientationPortraitUpsideDown UIInterfaceOrientationLandscapeLeft UIInterfaceOrientationLandscapeRight";
				INFOPLIST_KEY_UISupportedInterfaceOrientations_iPhone = "UIInterfaceOrientationPortrait UIInterfaceOrientationLandscapeLeft UIInterfaceOrientationLandscapeRight";
				IPHONEOS_DEPLOYMENT_TARGET = 13.0;
				LD_RUNPATH_SEARCH_PATHS = (
					"$(inherited)",
					"@executable_path/Frameworks",
				);
				MARKETING_VERSION = 1.0;
				PRODUCT_BUNDLE_IDENTIFIER = "zizi-Kim.Practice4";
				PRODUCT_NAME = "$(TARGET_NAME)";
				SUPPORTED_PLATFORMS = "iphoneos iphonesimulator";
				SUPPORTS_MACCATALYST = NO;
				SUPPORTS_MAC_DESIGNED_FOR_IPHONE_IPAD = NO;
				SUPPORTS_XR_DESIGNED_FOR_IPHONE_IPAD = NO;
				SWIFT_EMIT_LOC_STRINGS = YES;
				SWIFT_VERSION = 5.0;
				TARGETED_DEVICE_FAMILY = 1;
			};
			name = Debug;
		};
		9E62EE1E2A636B7E00F0B35B /* Release */ = {
			isa = XCBuildConfiguration;
			buildSettings = {
				ASSETCATALOG_COMPILER_APPICON_NAME = AppIcon;
				ASSETCATALOG_COMPILER_GLOBAL_ACCENT_COLOR_NAME = AccentColor;
				CODE_SIGN_STYLE = Automatic;
				CURRENT_PROJECT_VERSION = 1;
				DEVELOPMENT_TEAM = 4DQM269FVB;
				GENERATE_INFOPLIST_FILE = YES;
				INFOPLIST_FILE = Practice4/Info.plist;
				INFOPLIST_KEY_UIApplicationSupportsIndirectInputEvents = YES;
				INFOPLIST_KEY_UILaunchStoryboardName = LaunchScreen;
				INFOPLIST_KEY_UIMainStoryboardFile = Main;
				INFOPLIST_KEY_UISupportedInterfaceOrientations_iPad = "UIInterfaceOrientationPortrait UIInterfaceOrientationPortraitUpsideDown UIInterfaceOrientationLandscapeLeft UIInterfaceOrientationLandscapeRight";
				INFOPLIST_KEY_UISupportedInterfaceOrientations_iPhone = "UIInterfaceOrientationPortrait UIInterfaceOrientationLandscapeLeft UIInterfaceOrientationLandscapeRight";
				IPHONEOS_DEPLOYMENT_TARGET = 13.0;
				LD_RUNPATH_SEARCH_PATHS = (
					"$(inherited)",
					"@executable_path/Frameworks",
				);
				MARKETING_VERSION = 1.0;
				PRODUCT_BUNDLE_IDENTIFIER = "zizi-Kim.Practice4";
				PRODUCT_NAME = "$(TARGET_NAME)";
				SUPPORTED_PLATFORMS = "iphoneos iphonesimulator";
				SUPPORTS_MACCATALYST = NO;
				SUPPORTS_MAC_DESIGNED_FOR_IPHONE_IPAD = NO;
				SUPPORTS_XR_DESIGNED_FOR_IPHONE_IPAD = NO;
				SWIFT_EMIT_LOC_STRINGS = YES;
				SWIFT_VERSION = 5.0;
				TARGETED_DEVICE_FAMILY = 1;
			};
			name = Release;
		};
/* End XCBuildConfiguration section */

/* Begin XCConfigurationList section */
		9E62EE032A636B7B00F0B35B /* Build configuration list for PBXProject "Practice4" */ = {
			isa = XCConfigurationList;
			buildConfigurations = (
				9E62EE1A2A636B7E00F0B35B /* Debug */,
				9E62EE1B2A636B7E00F0B35B /* Release */,
			);
			defaultConfigurationIsVisible = 0;
			defaultConfigurationName = Release;
		};
		9E62EE1C2A636B7E00F0B35B /* Build configuration list for PBXNativeTarget "Practice4" */ = {
			isa = XCConfigurationList;
			buildConfigurations = (
				9E62EE1D2A636B7E00F0B35B /* Debug */,
				9E62EE1E2A636B7E00F0B35B /* Release */,
			);
			defaultConfigurationIsVisible = 0;
			defaultConfigurationName = Release;
		};
/* End XCConfigurationList section */
	};
	rootObject = 9E62EE002A636B7B00F0B35B /* Project object */;
}
